// !$*UTF8*$!
{
	archiveVersion = 1;
	classes = {
	};
	objectVersion = 50;
	objects = {

/* Begin PBXBuildFile section */
		CC45C54722EA3FBD00531FB7 /* AppDelegate.swift in Sources */ = {isa = PBXBuildFile; fileRef = CC45C54622EA3FBD00531FB7 /* AppDelegate.swift */; };
		CC45C54922EA3FBD00531FB7 /* ViewController.swift in Sources */ = {isa = PBXBuildFile; fileRef = CC45C54822EA3FBD00531FB7 /* ViewController.swift */; };
		CC45C54C22EA3FBD00531FB7 /* Main.storyboard in Resources */ = {isa = PBXBuildFile; fileRef = CC45C54A22EA3FBD00531FB7 /* Main.storyboard */; };
		CC45C54F22EA3FBD00531FB7 /* To_Do_list_app.xcdatamodeld in Sources */ = {isa = PBXBuildFile; fileRef = CC45C54D22EA3FBD00531FB7 /* To_Do_list_app.xcdatamodeld */; };
		CC45C55122EA3FBF00531FB7 /* Assets.xcassets in Resources */ = {isa = PBXBuildFile; fileRef = CC45C55022EA3FBF00531FB7 /* Assets.xcassets */; };
		CC45C55422EA3FBF00531FB7 /* LaunchScreen.storyboard in Resources */ = {isa = PBXBuildFile; fileRef = CC45C55222EA3FBF00531FB7 /* LaunchScreen.storyboard */; };
/* End PBXBuildFile section */

/* Begin PBXFileReference section */
		CC45C54322EA3FBD00531FB7 /* To-Do list app.app */ = {isa = PBXFileReference; explicitFileType = wrapper.application; includeInIndex = 0; path = "To-Do list app.app"; sourceTree = BUILT_PRODUCTS_DIR; };
		CC45C54622EA3FBD00531FB7 /* AppDelegate.swift */ = {isa = PBXFileReference; lastKnownFileType = sourcecode.swift; path = AppDelegate.swift; sourceTree = "<group>"; };
		CC45C54822EA3FBD00531FB7 /* ViewController.swift */ = {isa = PBXFileReference; lastKnownFileType = sourcecode.swift; path = ViewController.swift; sourceTree = "<group>"; };
		CC45C54B22EA3FBD00531FB7 /* Base */ = {isa = PBXFileReference; lastKnownFileType = file.storyboard; name = Base; path = Base.lproj/Main.storyboard; sourceTree = "<group>"; };
		CC45C54E22EA3FBD00531FB7 /* To_Do_list_app.xcdatamodel */ = {isa = PBXFileReference; lastKnownFileType = wrapper.xcdatamodel; path = To_Do_list_app.xcdatamodel; sourceTree = "<group>"; };
		CC45C55022EA3FBF00531FB7 /* Assets.xcassets */ = {isa = PBXFileReference; lastKnownFileType = folder.assetcatalog; path = Assets.xcassets; sourceTree = "<group>"; };
		CC45C55322EA3FBF00531FB7 /* Base */ = {isa = PBXFileReference; lastKnownFileType = file.storyboard; name = Base; path = Base.lproj/LaunchScreen.storyboard; sourceTree = "<group>"; };
		CC45C55522EA3FBF00531FB7 /* Info.plist */ = {isa = PBXFileReference; lastKnownFileType = text.plist.xml; path = Info.plist; sourceTree = "<group>"; };
/* End PBXFileReference section */

/* Begin PBXFrameworksBuildPhase section */
		CC45C54022EA3FBD00531FB7 /* Frameworks */ = {
			isa = PBXFrameworksBuildPhase;
			buildActionMask = 2147483647;
			files = (
			);
			runOnlyForDeploymentPostprocessing = 0;
		};
/* End PBXFrameworksBuildPhase section */

/* Begin PBXGroup section */
		CC45C53A22EA3FBD00531FB7 = {
			isa = PBXGroup;
			children = (
				CC45C54522EA3FBD00531FB7 /* To-Do list app */,
				CC45C54422EA3FBD00531FB7 /* Products */,
			);
			sourceTree = "<group>";
		};
		CC45C54422EA3FBD00531FB7 /* Products */ = {
			isa = PBXGroup;
			children = (
				CC45C54322EA3FBD00531FB7 /* To-Do list app.app */,
			);
			name = Products;
			sourceTree = "<group>";
		};
		CC45C54522EA3FBD00531FB7 /* To-Do list app */ = {
			isa = PBXGroup;
			children = (
				CC45C54622EA3FBD00531FB7 /* AppDelegate.swift */,
				CC45C54822EA3FBD00531FB7 /* ViewController.swift */,
				CC45C54A22EA3FBD00531FB7 /* Main.storyboard */,
				CC45C55022EA3FBF00531FB7 /* Assets.xcassets */,
				CC45C55222EA3FBF00531FB7 /* LaunchScreen.storyboard */,
				CC45C55522EA3FBF00531FB7 /* Info.plist */,
				CC45C54D22EA3FBD00531FB7 /* To_Do_list_app.xcdatamodeld */,
			);
			path = "To-Do list app";
			sourceTree = "<group>";
		};
/* End PBXGroup section */

/* Begin PBXNativeTarget section */
		CC45C54222EA3FBD00531FB7 /* To-Do list app */ = {
			isa = PBXNativeTarget;
			buildConfigurationList = CC45C55822EA3FBF00531FB7 /* Build configuration list for PBXNativeTarget "To-Do list app" */;
			buildPhases = (
				CC45C53F22EA3FBD00531FB7 /* Sources */,
				CC45C54022EA3FBD00531FB7 /* Frameworks */,
				CC45C54122EA3FBD00531FB7 /* Resources */,
			);
			buildRules = (
			);
			dependencies = (
			);
			name = "To-Do list app";
			productName = "To-Do list app";
			productReference = CC45C54322EA3FBD00531FB7 /* To-Do list app.app */;
			productType = "com.apple.product-type.application";
		};
/* End PBXNativeTarget section */

/* Begin PBXProject section */
		CC45C53B22EA3FBD00531FB7 /* Project object */ = {
			isa = PBXProject;
			attributes = {
				LastSwiftUpdateCheck = 1010;
				LastUpgradeCheck = 1010;
				ORGANIZATIONNAME = GWC;
				TargetAttributes = {
					CC45C54222EA3FBD00531FB7 = {
						CreatedOnToolsVersion = 10.1;
					};
				};
			};
			buildConfigurationList = CC45C53E22EA3FBD00531FB7 /* Build configuration list for PBXProject "To-Do list app" */;
			compatibilityVersion = "Xcode 9.3";
			developmentRegion = en;
			hasScannedForEncodings = 0;
			knownRegions = (
				en,
				Base,
			);
			mainGroup = CC45C53A22EA3FBD00531FB7;
			productRefGroup = CC45C54422EA3FBD00531FB7 /* Products */;
			projectDirPath = "";
			projectRoot = "";
			targets = (
				CC45C54222EA3FBD00531FB7 /* To-Do list app */,
			);
		};
/* End PBXProject section */

/* Begin PBXResourcesBuildPhase section */
		CC45C54122EA3FBD00531FB7 /* Resources */ = {
			isa = PBXResourcesBuildPhase;
			buildActionMask = 2147483647;
			files = (
				CC45C55422EA3FBF00531FB7 /* LaunchScreen.storyboard in Resources */,
				CC45C55122EA3FBF00531FB7 /* Assets.xcassets in Resources */,
				CC45C54C22EA3FBD00531FB7 /* Main.storyboard in Resources */,
			);
			runOnlyForDeploymentPostprocessing = 0;
		};
/* End PBXResourcesBuildPhase section */

/* Begin PBXSourcesBuildPhase section */
		CC45C53F22EA3FBD00531FB7 /* Sources */ = {
			isa = PBXSourcesBuildPhase;
			buildActionMask = 2147483647;
			files = (
				CC45C54922EA3FBD00531FB7 /* ViewController.swift in Sources */,
				CC45C54F22EA3FBD00531FB7 /* To_Do_list_app.xcdatamodeld in Sources */,
				CC45C54722EA3FBD00531FB7 /* AppDelegate.swift in Sources */,
			);
			runOnlyForDeploymentPostprocessing = 0;
		};
/* End PBXSourcesBuildPhase section */

/* Begin PBXVariantGroup section */
		CC45C54A22EA3FBD00531FB7 /* Main.storyboard */ = {
			isa = PBXVariantGroup;
			children = (
				CC45C54B22EA3FBD00531FB7 /* Base */,
			);
			name = Main.storyboard;
			sourceTree = "<group>";
		};
		CC45C55222EA3FBF00531FB7 /* LaunchScreen.storyboard */ = {
			isa = PBXVariantGroup;
			children = (
				CC45C55322EA3FBF00531FB7 /* Base */,
			);
			name = LaunchScreen.storyboard;
			sourceTree = "<group>";
		};
/* End PBXVariantGroup section */

/* Begin XCBuildConfiguration section */
		CC45C55622EA3FBF00531FB7 /* Debug */ = {
			isa = XCBuildConfiguration;
			buildSettings = {
				ALWAYS_SEARCH_USER_PATHS = NO;
				CLANG_ANALYZER_NONNULL = YES;
				CLANG_ANALYZER_NUMBER_OBJECT_CONVERSION = YES_AGGRESSIVE;
				CLANG_CXX_LANGUAGE_STANDARD = "gnu++14";
				CLANG_CXX_LIBRARY = "libc++";
				CLANG_ENABLE_MODULES = YES;
				CLANG_ENABLE_OBJC_ARC = YES;
				CLANG_ENABLE_OBJC_WEAK = YES;
				CLANG_WARN_BLOCK_CAPTURE_AUTORELEASING = YES;
				CLANG_WARN_BOOL_CONVERSION = YES;
				CLANG_WARN_COMMA = YES;
				CLANG_WARN_CONSTANT_CONVERSION = YES;
				CLANG_WARN_DEPRECATED_OBJC_IMPLEMENTATIONS = YES;
				CLANG_WARN_DIRECT_OBJC_ISA_USAGE = YES_ERROR;
				CLANG_WARN_DOCUMENTATION_COMMENTS = YES;
				CLANG_WARN_EMPTY_BODY = YES;
				CLANG_WARN_ENUM_CONVERSION = YES;
				CLANG_WARN_INFINITE_RECURSION = YES;
				CLANG_WARN_INT_CONVERSION = YES;
				CLANG_WARN_NON_LITERAL_NULL_CONVERSION = YES;
				CLANG_WARN_OBJC_IMPLICIT_RETAIN_SELF = YES;
				CLANG_WARN_OBJC_LITERAL_CONVERSION = YES;
				CLANG_WARN_OBJC_ROOT_CLASS = YES_ERROR;
				CLANG_WARN_RANGE_LOOP_ANALYSIS = YES;
				CLANG_WARN_STRICT_PROTOTYPES = YES;
				CLANG_WARN_SUSPICIOUS_MOVE = YES;
				CLANG_WARN_UNGUARDED_AVAILABILITY = YES_AGGRESSIVE;
				CLANG_WARN_UNREACHABLE_CODE = YES;
				CLANG_WARN__DUPLICATE_METHOD_MATCH = YES;
				CODE_SIGN_IDENTITY = "iPhone Developer";
				COPY_PHASE_STRIP = NO;
				DEBUG_INFORMATION_FORMAT = dwarf;
				ENABLE_STRICT_OBJC_MSGSEND = YES;
				ENABLE_TESTABILITY = YES;
				GCC_C_LANGUAGE_STANDARD = gnu11;
				GCC_DYNAMIC_NO_PIC = NO;
				GCC_NO_COMMON_BLOCKS = YES;
				GCC_OPTIMIZATION_LEVEL = 0;
				GCC_PREPROCESSOR_DEFINITIONS = (
					"DEBUG=1",
					"$(inherited)",
				);
				GCC_WARN_64_TO_32_BIT_CONVERSION = YES;
				GCC_WARN_ABOUT_RETURN_TYPE = YES_ERROR;
				GCC_WARN_UNDECLARED_SELECTOR = YES;
				GCC_WARN_UNINITIALIZED_AUTOS = YES_AGGRESSIVE;
				GCC_WARN_UNUSED_FUNCTION = YES;
				GCC_WARN_UNUSED_VARIABLE = YES;
				IPHONEOS_DEPLOYMENT_TARGET = 12.1;
				MTL_ENABLE_DEBUG_INFO = INCLUDE_SOURCE;
				MTL_FAST_MATH = YES;
				ONLY_ACTIVE_ARCH = YES;
				SDKROOT = iphoneos;
				SWIFT_ACTIVE_COMPILATION_CONDITIONS = DEBUG;
				SWIFT_OPTIMIZATION_LEVEL = "-Onone";
			};
			name = Debug;
		};
		CC45C55722EA3FBF00531FB7 /* Release */ = {
			isa = XCBuildConfiguration;
			buildSettings = {
				ALWAYS_SEARCH_USER_PATHS = NO;
				CLANG_ANALYZER_NONNULL = YES;
				CLANG_ANALYZER_NUMBER_OBJECT_CONVERSION = YES_AGGRESSIVE;
				CLANG_CXX_LANGUAGE_STANDARD = "gnu++14";
				CLANG_CXX_LIBRARY = "libc++";
				CLANG_ENABLE_MODULES = YES;
				CLANG_ENABLE_OBJC_ARC = YES;
				CLANG_ENABLE_OBJC_WEAK = YES;
				CLANG_WARN_BLOCK_CAPTURE_AUTORELEASING = YES;
				CLANG_WARN_BOOL_CONVERSION = YES;
				CLANG_WARN_COMMA = YES;
				CLANG_WARN_CONSTANT_CONVERSION = YES;
				CLANG_WARN_DEPRECATED_OBJC_IMPLEMENTATIONS = YES;
				CLANG_WARN_DIRECT_OBJC_ISA_USAGE = YES_ERROR;
				CLANG_WARN_DOCUMENTATION_COMMENTS = YES;
				CLANG_WARN_EMPTY_BODY = YES;
				CLANG_WARN_ENUM_CONVERSION = YES;
				CLANG_WARN_INFINITE_RECURSION = YES;
				CLANG_WARN_INT_CONVERSION = YES;
				CLANG_WARN_NON_LITERAL_NULL_CONVERSION = YES;
				CLANG_WARN_OBJC_IMPLICIT_RETAIN_SELF = YES;
				CLANG_WARN_OBJC_LITERAL_CONVERSION = YES;
				CLANG_WARN_OBJC_ROOT_CLASS = YES_ERROR;
				CLANG_WARN_RANGE_LOOP_ANALYSIS = YES;
				CLANG_WARN_STRICT_PROTOTYPES = YES;
				CLANG_WARN_SUSPICIOUS_MOVE = YES;
				CLANG_WARN_UNGUARDED_AVAILABILITY = YES_AGGRESSIVE;
				CLANG_WARN_UNREACHABLE_CODE = YES;
				CLANG_WARN__DUPLICATE_METHOD_MATCH = YES;
				CODE_SIGN_IDENTITY = "iPhone Developer";
				COPY_PHASE_STRIP = NO;
				DEBUG_INFORMATION_FORMAT = "dwarf-with-dsym";
				ENABLE_NS_ASSERTIONS = NO;
				ENABLE_STRICT_OBJC_MSGSEND = YES;
				GCC_C_LANGUAGE_STANDARD = gnu11;
				GCC_NO_COMMON_BLOCKS = YES;
				GCC_WARN_64_TO_32_BIT_CONVERSION = YES;
				GCC_WARN_ABOUT_RETURN_TYPE = YES_ERROR;
				GCC_WARN_UNDECLARED_SELECTOR = YES;
				GCC_WARN_UNINITIALIZED_AUTOS = YES_AGGRESSIVE;
				GCC_WARN_UNUSED_FUNCTION = YES;
				GCC_WARN_UNUSED_VARIABLE = YES;
				IPHONEOS_DEPLOYMENT_TARGET = 12.1;
				MTL_ENABLE_DEBUG_INFO = NO;
				MTL_FAST_MATH = YES;
				SDKROOT = iphoneos;
				SWIFT_COMPILATION_MODE = wholemodule;
				SWIFT_OPTIMIZATION_LEVEL = "-O";
				VALIDATE_PRODUCT = YES;
			};
			name = Release;
		};
		CC45C55922EA3FBF00531FB7 /* Debug */ = {
			isa = XCBuildConfiguration;
			buildSettings = {
				ASSETCATALOG_COMPILER_APPICON_NAME = AppIcon;
				CODE_SIGN_STYLE = Automatic;
				DEVELOPMENT_TEAM = 3GDQ88ML54;
				INFOPLIST_FILE = "To-Do list app/Info.plist";
				LD_RUNPATH_SEARCH_PATHS = (
					"$(inherited)",
					"@executable_path/Frameworks",
				);
				PRODUCT_BUNDLE_IDENTIFIER = "com.nguyen.To-Do-list-app";
				PRODUCT_NAME = "$(TARGET_NAME)";
				SWIFT_VERSION = 4.2;
				TARGETED_DEVICE_FAMILY = "1,2";
			};
			name = Debug;
		};
		CC45C55A22EA3FBF00531FB7 /* Release */ = {
			isa = XCBuildConfiguration;
			buildSettings = {
				ASSETCATALOG_COMPILER_APPICON_NAME = AppIcon;
				CODE_SIGN_STYLE = Automatic;
				DEVELOPMENT_TEAM = 3GDQ88ML54;
				INFOPLIST_FILE = "To-Do list app/Info.plist";
				LD_RUNPATH_SEARCH_PATHS = (
					"$(inherited)",
					"@executable_path/Frameworks",
				);
				PRODUCT_BUNDLE_IDENTIFIER = "com.nguyen.To-Do-list-app";
				PRODUCT_NAME = "$(TARGET_NAME)";
				SWIFT_VERSION = 4.2;
				TARGETED_DEVICE_FAMILY = "1,2";
			};
			name = Release;
		};
/* End XCBuildConfiguration section */

/* Begin XCConfigurationList section */
		CC45C53E22EA3FBD00531FB7 /* Build configuration list for PBXProject "To-Do list app" */ = {
			isa = XCConfigurationList;
			buildConfigurations = (
				CC45C55622EA3FBF00531FB7 /* Debug */,
				CC45C55722EA3FBF00531FB7 /* Release */,
			);
			defaultConfigurationIsVisible = 0;
			defaultConfigurationName = Release;
		};
		CC45C55822EA3FBF00531FB7 /* Build configuration list for PBXNativeTarget "To-Do list app" */ = {
			isa = XCConfigurationList;
			buildConfigurations = (
				CC45C55922EA3FBF00531FB7 /* Debug */,
				CC45C55A22EA3FBF00531FB7 /* Release */,
			);
			defaultConfigurationIsVisible = 0;
			defaultConfigurationName = Release;
		};
/* End XCConfigurationList section */

/* Begin XCVersionGroup section */
		CC45C54D22EA3FBD00531FB7 /* To_Do_list_app.xcdatamodeld */ = {
			isa = XCVersionGroup;
			children = (
				CC45C54E22EA3FBD00531FB7 /* To_Do_list_app.xcdatamodel */,
			);
			currentVersion = CC45C54E22EA3FBD00531FB7 /* To_Do_list_app.xcdatamodel */;
			path = To_Do_list_app.xcdatamodeld;
			sourceTree = "<group>";
			versionGroupType = wrapper.xcdatamodel;
		};
/* End XCVersionGroup section */
	};
	rootObject = CC45C53B22EA3FBD00531FB7 /* Project object */;
}
